
Microsoft Visual Studio Solution File, Format Version 12.00
# Visual Studio 14
VisualStudioVersion = 14.0.25420.1
MinimumVisualStudioVersion = 10.0.40219.1
Project("{FAE04EC0-301F-11D3-BF4B-00C04F79EFBC}") = "Bab2.Droid", "Bab2\Bab2.Droid\Bab2.Droid.csproj", "{876740E8-56E2-419E-B380-10B905327BE5}"
EndProject
Project("{FAE04EC0-301F-11D3-BF4B-00C04F79EFBC}") = "Bab2.iOS", "Bab2\Bab2.iOS\Bab2.iOS.csproj", "{ABDDDDB9-E920-4D3D-B1E8-9A4F0F7E4206}"
EndProject
Project("{FAE04EC0-301F-11D3-BF4B-00C04F79EFBC}") = "Bab2.UWP", "Bab2\Bab2.UWP\Bab2.UWP.csproj", "{FBEA2626-DFB0-482C-85F8-5EDEE6F418C8}"
EndProject
Project("{FAE04EC0-301F-11D3-BF4B-00C04F79EFBC}") = "Bab2", "Bab2\Bab2\Bab2.csproj", "{7E6C8046-33DC-45F7-8373-37E9FA0F7299}"
EndProject
Global
	GlobalSection(SolutionConfigurationPlatforms) = preSolution
		Ad-Hoc|Any CPU = Ad-Hoc|Any CPU
		Ad-Hoc|ARM = Ad-Hoc|ARM
		Ad-Hoc|iPhone = Ad-Hoc|iPhone
		Ad-Hoc|iPhoneSimulator = Ad-Hoc|iPhoneSimulator
		Ad-Hoc|x64 = Ad-Hoc|x64
		Ad-Hoc|x86 = Ad-Hoc|x86
		AppStore|Any CPU = AppStore|Any CPU
		AppStore|ARM = AppStore|ARM
		AppStore|iPhone = AppStore|iPhone
		AppStore|iPhoneSimulator = AppStore|iPhoneSimulator
		AppStore|x64 = AppStore|x64
		AppStore|x86 = AppStore|x86
		Debug|Any CPU = Debug|Any CPU
		Debug|ARM = Debug|ARM
		Debug|iPhone = Debug|iPhone
		Debug|iPhoneSimulator = Debug|iPhoneSimulator
		Debug|x64 = Debug|x64
		Debug|x86 = Debug|x86
		Release|Any CPU = Release|Any CPU
		Release|ARM = Release|ARM
		Release|iPhone = Release|iPhone
		Release|iPhoneSimulator = Release|iPhoneSimulator
		Release|x64 = Release|x64
		Release|x86 = Release|x86
	EndGlobalSection
	GlobalSection(ProjectConfigurationPlatforms) = postSolution
		{876740E8-56E2-419E-B380-10B905327BE5}.Ad-Hoc|Any CPU.ActiveCfg = Release|Any CPU
		{876740E8-56E2-419E-B380-10B905327BE5}.Ad-Hoc|Any CPU.Build.0 = Release|Any CPU
		{876740E8-56E2-419E-B380-10B905327BE5}.Ad-Hoc|Any CPU.Deploy.0 = Release|Any CPU
		{876740E8-56E2-419E-B380-10B905327BE5}.Ad-Hoc|ARM.ActiveCfg = Release|Any CPU
		{876740E8-56E2-419E-B380-10B905327BE5}.Ad-Hoc|ARM.Build.0 = Release|Any CPU
		{876740E8-56E2-419E-B380-10B905327BE5}.Ad-Hoc|ARM.Deploy.0 = Release|Any CPU
		{876740E8-56E2-419E-B380-10B905327BE5}.Ad-Hoc|iPhone.ActiveCfg = Release|Any CPU
		{876740E8-56E2-419E-B380-10B905327BE5}.Ad-Hoc|iPhone.Build.0 = Release|Any CPU
		{876740E8-56E2-419E-B380-10B905327BE5}.Ad-Hoc|iPhone.Deploy.0 = Release|Any CPU
		{876740E8-56E2-419E-B380-10B905327BE5}.Ad-Hoc|iPhoneSimulator.ActiveCfg = Release|Any CPU
		{876740E8-56E2-419E-B380-10B905327BE5}.Ad-Hoc|iPhoneSimulator.Build.0 = Release|Any CPU
		{876740E8-56E2-419E-B380-10B905327BE5}.Ad-Hoc|iPhoneSimulator.Deploy.0 = Release|Any CPU
		{876740E8-56E2-419E-B380-10B905327BE5}.Ad-Hoc|x64.ActiveCfg = Release|Any CPU
		{876740E8-56E2-419E-B380-10B905327BE5}.Ad-Hoc|x64.Build.0 = Release|Any CPU
		{876740E8-56E2-419E-B380-10B905327BE5}.Ad-Hoc|x64.Deploy.0 = Release|Any CPU
		{876740E8-56E2-419E-B380-10B905327BE5}.Ad-Hoc|x86.ActiveCfg = Release|Any CPU
		{876740E8-56E2-419E-B380-10B905327BE5}.Ad-Hoc|x86.Build.0 = Release|Any CPU
		{876740E8-56E2-419E-B380-10B905327BE5}.Ad-Hoc|x86.Deploy.0 = Release|Any CPU
		{876740E8-56E2-419E-B380-10B905327BE5}.AppStore|Any CPU.ActiveCfg = Release|Any CPU
		{876740E8-56E2-419E-B380-10B905327BE5}.AppStore|Any CPU.Build.0 = Release|Any CPU
		{876740E8-56E2-419E-B380-10B905327BE5}.AppStore|Any CPU.Deploy.0 = Release|Any CPU
		{876740E8-56E2-419E-B380-10B905327BE5}.AppStore|ARM.ActiveCfg = Release|Any CPU
		{876740E8-56E2-419E-B380-10B905327BE5}.AppStore|ARM.Build.0 = Release|Any CPU
		{876740E8-56E2-419E-B380-10B905327BE5}.AppStore|ARM.Deploy.0 = Release|Any CPU
		{876740E8-56E2-419E-B380-10B905327BE5}.AppStore|iPhone.ActiveCfg = Release|Any CPU
		{876740E8-56E2-419E-B380-10B905327BE5}.AppStore|iPhone.Build.0 = Release|Any CPU
		{876740E8-56E2-419E-B380-10B905327BE5}.AppStore|iPhone.Deploy.0 = Release|Any CPU
		{876740E8-56E2-419E-B380-10B905327BE5}.AppStore|iPhoneSimulator.ActiveCfg = Release|Any CPU
		{876740E8-56E2-419E-B380-10B905327BE5}.AppStore|iPhoneSimulator.Build.0 = Release|Any CPU
		{876740E8-56E2-419E-B380-10B905327BE5}.AppStore|iPhoneSimulator.Deploy.0 = Release|Any CPU
		{876740E8-56E2-419E-B380-10B905327BE5}.AppStore|x64.ActiveCfg = Release|Any CPU
		{876740E8-56E2-419E-B380-10B905327BE5}.AppStore|x64.Build.0 = Release|Any CPU
		{876740E8-56E2-419E-B380-10B905327BE5}.AppStore|x64.Deploy.0 = Release|Any CPU
		{876740E8-56E2-419E-B380-10B905327BE5}.AppStore|x86.ActiveCfg = Release|Any CPU
		{876740E8-56E2-419E-B380-10B905327BE5}.AppStore|x86.Build.0 = Release|Any CPU
		{876740E8-56E2-419E-B380-10B905327BE5}.AppStore|x86.Deploy.0 = Release|Any CPU
		{876740E8-56E2-419E-B380-10B905327BE5}.Debug|Any CPU.ActiveCfg = Debug|Any CPU
		{876740E8-56E2-419E-B380-10B905327BE5}.Debug|Any CPU.Build.0 = Debug|Any CPU
		{876740E8-56E2-419E-B380-10B905327BE5}.Debug|Any CPU.Deploy.0 = Debug|Any CPU
		{876740E8-56E2-419E-B380-10B905327BE5}.Debug|ARM.ActiveCfg = Debug|Any CPU
		{876740E8-56E2-419E-B380-10B905327BE5}.Debug|ARM.Build.0 = Debug|Any CPU
		{876740E8-56E2-419E-B380-10B905327BE5}.Debug|ARM.Deploy.0 = Debug|Any CPU
		{876740E8-56E2-419E-B380-10B905327BE5}.Debug|iPhone.ActiveCfg = Debug|Any CPU
		{876740E8-56E2-419E-B380-10B905327BE5}.Debug|iPhone.Build.0 = Debug|Any CPU
		{876740E8-56E2-419E-B380-10B905327BE5}.Debug|iPhone.Deploy.0 = Debug|Any CPU
		{876740E8-56E2-419E-B380-10B905327BE5}.Debug|iPhoneSimulator.ActiveCfg = Debug|Any CPU
		{876740E8-56E2-419E-B380-10B905327BE5}.Debug|iPhoneSimulator.Build.0 = Debug|Any CPU
		{876740E8-56E2-419E-B380-10B905327BE5}.Debug|iPhoneSimulator.Deploy.0 = Debug|Any CPU
		{876740E8-56E2-419E-B380-10B905327BE5}.Debug|x64.ActiveCfg = Debug|Any CPU
		{876740E8-56E2-419E-B380-10B905327BE5}.Debug|x64.Build.0 = Debug|Any CPU
		{876740E8-56E2-419E-B380-10B905327BE5}.Debug|x64.Deploy.0 = Debug|Any CPU
		{876740E8-56E2-419E-B380-10B905327BE5}.Debug|x86.ActiveCfg = Debug|Any CPU
		{876740E8-56E2-419E-B380-10B905327BE5}.Debug|x86.Build.0 = Debug|Any CPU
		{876740E8-56E2-419E-B380-10B905327BE5}.Debug|x86.Deploy.0 = Debug|Any CPU
		{876740E8-56E2-419E-B380-10B905327BE5}.Release|Any CPU.ActiveCfg = Release|Any CPU
		{876740E8-56E2-419E-B380-10B905327BE5}.Release|Any CPU.Build.0 = Release|Any CPU
		{876740E8-56E2-419E-B380-10B905327BE5}.Release|Any CPU.Deploy.0 = Release|Any CPU
		{876740E8-56E2-419E-B380-10B905327BE5}.Release|ARM.ActiveCfg = Release|Any CPU
		{876740E8-56E2-419E-B380-10B905327BE5}.Release|ARM.Build.0 = Release|Any CPU
		{876740E8-56E2-419E-B380-10B905327BE5}.Release|ARM.Deploy.0 = Release|Any CPU
		{876740E8-56E2-419E-B380-10B905327BE5}.Release|iPhone.ActiveCfg = Release|Any CPU
		{876740E8-56E2-419E-B380-10B905327BE5}.Release|iPhone.Build.0 = Release|Any CPU
		{876740E8-56E2-419E-B380-10B905327BE5}.Release|iPhone.Deploy.0 = Release|Any CPU
		{876740E8-56E2-419E-B380-10B905327BE5}.Release|iPhoneSimulator.ActiveCfg = Release|Any CPU
		{876740E8-56E2-419E-B380-10B905327BE5}.Release|iPhoneSimulator.Build.0 = Release|Any CPU
		{876740E8-56E2-419E-B380-10B905327BE5}.Release|iPhoneSimulator.Deploy.0 = Release|Any CPU
		{876740E8-56E2-419E-B380-10B905327BE5}.Release|x64.ActiveCfg = Release|Any CPU
		{876740E8-56E2-419E-B380-10B905327BE5}.Release|x64.Build.0 = Release|Any CPU
		{876740E8-56E2-419E-B380-10B905327BE5}.Release|x64.Deploy.0 = Release|Any CPU
		{876740E8-56E2-419E-B380-10B905327BE5}.Release|x86.ActiveCfg = Release|Any CPU
		{876740E8-56E2-419E-B380-10B905327BE5}.Release|x86.Build.0 = Release|Any CPU
		{876740E8-56E2-419E-B380-10B905327BE5}.Release|x86.Deploy.0 = Release|Any CPU
		{ABDDDDB9-E920-4D3D-B1E8-9A4F0F7E4206}.Ad-Hoc|Any CPU.ActiveCfg = Ad-Hoc|iPhone
		{ABDDDDB9-E920-4D3D-B1E8-9A4F0F7E4206}.Ad-Hoc|ARM.ActiveCfg = Ad-Hoc|iPhone
		{ABDDDDB9-E920-4D3D-B1E8-9A4F0F7E4206}.Ad-Hoc|iPhone.ActiveCfg = Ad-Hoc|iPhone
		{ABDDDDB9-E920-4D3D-B1E8-9A4F0F7E4206}.Ad-Hoc|iPhone.Build.0 = Ad-Hoc|iPhone
		{ABDDDDB9-E920-4D3D-B1E8-9A4F0F7E4206}.Ad-Hoc|iPhoneSimulator.ActiveCfg = Ad-Hoc|iPhoneSimulator
		{ABDDDDB9-E920-4D3D-B1E8-9A4F0F7E4206}.Ad-Hoc|iPhoneSimulator.Build.0 = Ad-Hoc|iPhoneSimulator
		{ABDDDDB9-E920-4D3D-B1E8-9A4F0F7E4206}.Ad-Hoc|x64.ActiveCfg = Ad-Hoc|iPhone
		{ABDDDDB9-E920-4D3D-B1E8-9A4F0F7E4206}.Ad-Hoc|x86.ActiveCfg = Ad-Hoc|iPhone
		{ABDDDDB9-E920-4D3D-B1E8-9A4F0F7E4206}.AppStore|Any CPU.ActiveCfg = AppStore|iPhone
		{ABDDDDB9-E920-4D3D-B1E8-9A4F0F7E4206}.AppStore|ARM.ActiveCfg = AppStore|iPhone
		{ABDDDDB9-E920-4D3D-B1E8-9A4F0F7E4206}.AppStore|iPhone.ActiveCfg = AppStore|iPhone
		{ABDDDDB9-E920-4D3D-B1E8-9A4F0F7E4206}.AppStore|iPhone.Build.0 = AppStore|iPhone
		{ABDDDDB9-E920-4D3D-B1E8-9A4F0F7E4206}.AppStore|iPhoneSimulator.ActiveCfg = AppStore|iPhoneSimulator
		{ABDDDDB9-E920-4D3D-B1E8-9A4F0F7E4206}.AppStore|iPhoneSimulator.Build.0 = AppStore|iPhoneSimulator
		{ABDDDDB9-E920-4D3D-B1E8-9A4F0F7E4206}.AppStore|x64.ActiveCfg = AppStore|iPhone
		{ABDDDDB9-E920-4D3D-B1E8-9A4F0F7E4206}.AppStore|x86.ActiveCfg = AppStore|iPhone
		{ABDDDDB9-E920-4D3D-B1E8-9A4F0F7E4206}.Debug|Any CPU.ActiveCfg = Debug|iPhone
		{ABDDDDB9-E920-4D3D-B1E8-9A4F0F7E4206}.Debug|ARM.ActiveCfg = Debug|iPhone
		{ABDDDDB9-E920-4D3D-B1E8-9A4F0F7E4206}.Debug|iPhone.ActiveCfg = Debug|iPhone
		{ABDDDDB9-E920-4D3D-B1E8-9A4F0F7E4206}.Debug|iPhone.Build.0 = Debug|iPhone
		{ABDDDDB9-E920-4D3D-B1E8-9A4F0F7E4206}.Debug|iPhoneSimulator.ActiveCfg = Debug|iPhoneSimulator
		{ABDDDDB9-E920-4D3D-B1E8-9A4F0F7E4206}.Debug|iPhoneSimulator.Build.0 = Debug|iPhoneSimulator
		{ABDDDDB9-E920-4D3D-B1E8-9A4F0F7E4206}.Debug|x64.ActiveCfg = Debug|iPhone
		{ABDDDDB9-E920-4D3D-B1E8-9A4F0F7E4206}.Debug|x86.ActiveCfg = Debug|iPhone
		{ABDDDDB9-E920-4D3D-B1E8-9A4F0F7E4206}.Release|Any CPU.ActiveCfg = Release|iPhone
		{ABDDDDB9-E920-4D3D-B1E8-9A4F0F7E4206}.Release|ARM.ActiveCfg = Release|iPhone
		{ABDDDDB9-E920-4D3D-B1E8-9A4F0F7E4206}.Release|iPhone.ActiveCfg = Release|iPhone
		{ABDDDDB9-E920-4D3D-B1E8-9A4F0F7E4206}.Release|iPhone.Build.0 = Release|iPhone
		{ABDDDDB9-E920-4D3D-B1E8-9A4F0F7E4206}.Release|iPhoneSimulator.ActiveCfg = Release|iPhoneSimulator
		{ABDDDDB9-E920-4D3D-B1E8-9A4F0F7E4206}.Release|iPhoneSimulator.Build.0 = Release|iPhoneSimulator
		{ABDDDDB9-E920-4D3D-B1E8-9A4F0F7E4206}.Release|x64.ActiveCfg = Release|iPhone
		{ABDDDDB9-E920-4D3D-B1E8-9A4F0F7E4206}.Release|x86.ActiveCfg = Release|iPhone
		{FBEA2626-DFB0-482C-85F8-5EDEE6F418C8}.Ad-Hoc|Any CPU.ActiveCfg = Release|x86
		{FBEA2626-DFB0-482C-85F8-5EDEE6F418C8}.Ad-Hoc|Any CPU.Build.0 = Release|x86
		{FBEA2626-DFB0-482C-85F8-5EDEE6F418C8}.Ad-Hoc|Any CPU.Deploy.0 = Release|x86
		{FBEA2626-DFB0-482C-85F8-5EDEE6F418C8}.Ad-Hoc|ARM.ActiveCfg = Release|ARM
		{FBEA2626-DFB0-482C-85F8-5EDEE6F418C8}.Ad-Hoc|ARM.Build.0 = Release|ARM
		{FBEA2626-DFB0-482C-85F8-5EDEE6F418C8}.Ad-Hoc|ARM.Deploy.0 = Release|ARM
		{FBEA2626-DFB0-482C-85F8-5EDEE6F418C8}.Ad-Hoc|iPhone.ActiveCfg = Release|x86
		{FBEA2626-DFB0-482C-85F8-5EDEE6F418C8}.Ad-Hoc|iPhone.Build.0 = Release|x86
		{FBEA2626-DFB0-482C-85F8-5EDEE6F418C8}.Ad-Hoc|iPhone.Deploy.0 = Release|x86
		{FBEA2626-DFB0-482C-85F8-5EDEE6F418C8}.Ad-Hoc|iPhoneSimulator.ActiveCfg = Release|x86
		{FBEA2626-DFB0-482C-85F8-5EDEE6F418C8}.Ad-Hoc|iPhoneSimulator.Build.0 = Release|x86
		{FBEA2626-DFB0-482C-85F8-5EDEE6F418C8}.Ad-Hoc|iPhoneSimulator.Deploy.0 = Release|x86
		{FBEA2626-DFB0-482C-85F8-5EDEE6F418C8}.Ad-Hoc|x64.ActiveCfg = Release|x64
		{FBEA2626-DFB0-482C-85F8-5EDEE6F418C8}.Ad-Hoc|x64.Build.0 = Release|x64
		{FBEA2626-DFB0-482C-85F8-5EDEE6F418C8}.Ad-Hoc|x64.Deploy.0 = Release|x64
		{FBEA2626-DFB0-482C-85F8-5EDEE6F418C8}.Ad-Hoc|x86.ActiveCfg = Release|x86
		{FBEA2626-DFB0-482C-85F8-5EDEE6F418C8}.Ad-Hoc|x86.Build.0 = Release|x86
		{FBEA2626-DFB0-482C-85F8-5EDEE6F418C8}.Ad-Hoc|x86.Deploy.0 = Release|x86
		{FBEA2626-DFB0-482C-85F8-5EDEE6F418C8}.AppStore|Any CPU.ActiveCfg = Release|x86
		{FBEA2626-DFB0-482C-85F8-5EDEE6F418C8}.AppStore|Any CPU.Build.0 = Release|x86
		{FBEA2626-DFB0-482C-85F8-5EDEE6F418C8}.AppStore|Any CPU.Deploy.0 = Release|x86
		{FBEA2626-DFB0-482C-85F8-5EDEE6F418C8}.AppStore|ARM.ActiveCfg = Release|ARM
		{FBEA2626-DFB0-482C-85F8-5EDEE6F418C8}.AppStore|ARM.Build.0 = Release|ARM
		{FBEA2626-DFB0-482C-85F8-5EDEE6F418C8}.AppStore|ARM.Deploy.0 = Release|ARM
		{FBEA2626-DFB0-482C-85F8-5EDEE6F418C8}.AppStore|iPhone.ActiveCfg = Release|x86
		{FBEA2626-DFB0-482C-85F8-5EDEE6F418C8}.AppStore|iPhone.Build.0 = Release|x86
		{FBEA2626-DFB0-482C-85F8-5EDEE6F418C8}.AppStore|iPhone.Deploy.0 = Release|x86
		{FBEA2626-DFB0-482C-85F8-5EDEE6F418C8}.AppStore|iPhoneSimulator.ActiveCfg = Release|x86
		{FBEA2626-DFB0-482C-85F8-5EDEE6F418C8}.AppStore|iPhoneSimulator.Build.0 = Release|x86
		{FBEA2626-DFB0-482C-85F8-5EDEE6F418C8}.AppStore|iPhoneSimulator.Deploy.0 = Release|x86
		{FBEA2626-DFB0-482C-85F8-5EDEE6F418C8}.AppStore|x64.ActiveCfg = Release|x64
		{FBEA2626-DFB0-482C-85F8-5EDEE6F418C8}.AppStore|x64.Build.0 = Release|x64
		{FBEA2626-DFB0-482C-85F8-5EDEE6F418C8}.AppStore|x64.Deploy.0 = Release|x64
		{FBEA2626-DFB0-482C-85F8-5EDEE6F418C8}.AppStore|x86.ActiveCfg = Release|x86
		{FBEA2626-DFB0-482C-85F8-5EDEE6F418C8}.AppStore|x86.Build.0 = Release|x86
		{FBEA2626-DFB0-482C-85F8-5EDEE6F418C8}.AppStore|x86.Deploy.0 = Release|x86
		{FBEA2626-DFB0-482C-85F8-5EDEE6F418C8}.Debug|Any CPU.ActiveCfg = Debug|x86
		{FBEA2626-DFB0-482C-85F8-5EDEE6F418C8}.Debug|ARM.ActiveCfg = Debug|ARM
		{FBEA2626-DFB0-482C-85F8-5EDEE6F418C8}.Debug|ARM.Build.0 = Debug|ARM
		{FBEA2626-DFB0-482C-85F8-5EDEE6F418C8}.Debug|ARM.Deploy.0 = Debug|ARM
		{FBEA2626-DFB0-482C-85F8-5EDEE6F418C8}.Debug|iPhone.ActiveCfg = Debug|x86
		{FBEA2626-DFB0-482C-85F8-5EDEE6F418C8}.Debug|iPhoneSimulator.ActiveCfg = Debug|x86
		{FBEA2626-DFB0-482C-85F8-5EDEE6F418C8}.Debug|x64.ActiveCfg = Debug|x64
		{FBEA2626-DFB0-482C-85F8-5EDEE6F418C8}.Debug|x64.Build.0 = Debug|x64
		{FBEA2626-DFB0-482C-85F8-5EDEE6F418C8}.Debug|x64.Deploy.0 = Debug|x64
		{FBEA2626-DFB0-482C-85F8-5EDEE6F418C8}.Debug|x86.ActiveCfg = Debug|x86
		{FBEA2626-DFB0-482C-85F8-5EDEE6F418C8}.Debug|x86.Build.0 = Debug|x86
		{FBEA2626-DFB0-482C-85F8-5EDEE6F418C8}.Debug|x86.Deploy.0 = Debug|x86
		{FBEA2626-DFB0-482C-85F8-5EDEE6F418C8}.Release|Any CPU.ActiveCfg = Release|x86
		{FBEA2626-DFB0-482C-85F8-5EDEE6F418C8}.Release|ARM.ActiveCfg = Release|ARM
		{FBEA2626-DFB0-482C-85F8-5EDEE6F418C8}.Release|ARM.Build.0 = Release|ARM
		{FBEA2626-DFB0-482C-85F8-5EDEE6F418C8}.Release|ARM.Deploy.0 = Release|ARM
		{FBEA2626-DFB0-482C-85F8-5EDEE6F418C8}.Release|iPhone.ActiveCfg = Release|x86
		{FBEA2626-DFB0-482C-85F8-5EDEE6F418C8}.Release|iPhoneSimulator.ActiveCfg = Release|x86
		{FBEA2626-DFB0-482C-85F8-5EDEE6F418C8}.Release|x64.ActiveCfg = Release|x64
		{FBEA2626-DFB0-482C-85F8-5EDEE6F418C8}.Release|x64.Build.0 = Release|x64
		{FBEA2626-DFB0-482C-85F8-5EDEE6F418C8}.Release|x64.Deploy.0 = Release|x64
		{FBEA2626-DFB0-482C-85F8-5EDEE6F418C8}.Release|x86.ActiveCfg = Release|x86
		{FBEA2626-DFB0-482C-85F8-5EDEE6F418C8}.Release|x86.Build.0 = Release|x86
		{FBEA2626-DFB0-482C-85F8-5EDEE6F418C8}.Release|x86.Deploy.0 = Release|x86
		{7E6C8046-33DC-45F7-8373-37E9FA0F7299}.Ad-Hoc|Any CPU.ActiveCfg = Release|Any CPU
		{7E6C8046-33DC-45F7-8373-37E9FA0F7299}.Ad-Hoc|Any CPU.Build.0 = Release|Any CPU
		{7E6C8046-33DC-45F7-8373-37E9FA0F7299}.Ad-Hoc|ARM.ActiveCfg = Release|Any CPU
		{7E6C8046-33DC-45F7-8373-37E9FA0F7299}.Ad-Hoc|ARM.Build.0 = Release|Any CPU
		{7E6C8046-33DC-45F7-8373-37E9FA0F7299}.Ad-Hoc|iPhone.ActiveCfg = Release|Any CPU
		{7E6C8046-33DC-45F7-8373-37E9FA0F7299}.Ad-Hoc|iPhone.Build.0 = Release|Any CPU
		{7E6C8046-33DC-45F7-8373-37E9FA0F7299}.Ad-Hoc|iPhoneSimulator.ActiveCfg = Release|Any CPU
		{7E6C8046-33DC-45F7-8373-37E9FA0F7299}.Ad-Hoc|iPhoneSimulator.Build.0 = Release|Any CPU
		{7E6C8046-33DC-45F7-8373-37E9FA0F7299}.Ad-Hoc|x64.ActiveCfg = Release|Any CPU
		{7E6C8046-33DC-45F7-8373-37E9FA0F7299}.Ad-Hoc|x64.Build.0 = Release|Any CPU
		{7E6C8046-33DC-45F7-8373-37E9FA0F7299}.Ad-Hoc|x86.ActiveCfg = Release|Any CPU
		{7E6C8046-33DC-45F7-8373-37E9FA0F7299}.Ad-Hoc|x86.Build.0 = Release|Any CPU
		{7E6C8046-33DC-45F7-8373-37E9FA0F7299}.AppStore|Any CPU.ActiveCfg = Release|Any CPU
		{7E6C8046-33DC-45F7-8373-37E9FA0F7299}.AppStore|Any CPU.Build.0 = Release|Any CPU
		{7E6C8046-33DC-45F7-8373-37E9FA0F7299}.AppStore|ARM.ActiveCfg = Release|Any CPU
		{7E6C8046-33DC-45F7-8373-37E9FA0F7299}.AppStore|ARM.Build.0 = Release|Any CPU
		{7E6C8046-33DC-45F7-8373-37E9FA0F7299}.AppStore|iPhone.ActiveCfg = Release|Any CPU
		{7E6C8046-33DC-45F7-8373-37E9FA0F7299}.AppStore|iPhone.Build.0 = Release|Any CPU
		{7E6C8046-33DC-45F7-8373-37E9FA0F7299}.AppStore|iPhoneSimulator.ActiveCfg = Release|Any CPU
		{7E6C8046-33DC-45F7-8373-37E9FA0F7299}.AppStore|iPhoneSimulator.Build.0 = Release|Any CPU
		{7E6C8046-33DC-45F7-8373-37E9FA0F7299}.AppStore|x64.ActiveCfg = Release|Any CPU
		{7E6C8046-33DC-45F7-8373-37E9FA0F7299}.AppStore|x64.Build.0 = Release|Any CPU
		{7E6C8046-33DC-45F7-8373-37E9FA0F7299}.AppStore|x86.ActiveCfg = Release|Any CPU
		{7E6C8046-33DC-45F7-8373-37E9FA0F7299}.AppStore|x86.Build.0 = Release|Any CPU
		{7E6C8046-33DC-45F7-8373-37E9FA0F7299}.Debug|Any CPU.ActiveCfg = Debug|Any CPU
		{7E6C8046-33DC-45F7-8373-37E9FA0F7299}.Debug|Any CPU.Build.0 = Debug|Any CPU
		{7E6C8046-33DC-45F7-8373-37E9FA0F7299}.Debug|ARM.ActiveCfg = Debug|Any CPU
		{7E6C8046-33DC-45F7-8373-37E9FA0F7299}.Debug|ARM.Build.0 = Debug|Any CPU
		{7E6C8046-33DC-45F7-8373-37E9FA0F7299}.Debug|iPhone.ActiveCfg = Debug|Any CPU
		{7E6C8046-33DC-45F7-8373-37E9FA0F7299}.Debug|iPhone.Build.0 = Debug|Any CPU
		{7E6C8046-33DC-45F7-8373-37E9FA0F7299}.Debug|iPhoneSimulator.ActiveCfg = Debug|Any CPU
		{7E6C8046-33DC-45F7-8373-37E9FA0F7299}.Debug|iPhoneSimulator.Build.0 = Debug|Any CPU
		{7E6C8046-33DC-45F7-8373-37E9FA0F7299}.Debug|x64.ActiveCfg = Debug|Any CPU
		{7E6C8046-33DC-45F7-8373-37E9FA0F7299}.Debug|x64.Build.0 = Debug|Any CPU
		{7E6C8046-33DC-45F7-8373-37E9FA0F7299}.Debug|x86.ActiveCfg = Debug|Any CPU
		{7E6C8046-33DC-45F7-8373-37E9FA0F7299}.Debug|x86.Build.0 = Debug|Any CPU
		{7E6C8046-33DC-45F7-8373-37E9FA0F7299}.Release|Any CPU.ActiveCfg = Release|Any CPU
		{7E6C8046-33DC-45F7-8373-37E9FA0F7299}.Release|Any CPU.Build.0 = Release|Any CPU
		{7E6C8046-33DC-45F7-8373-37E9FA0F7299}.Release|ARM.ActiveCfg = Release|Any CPU
		{7E6C8046-33DC-45F7-8373-37E9FA0F7299}.Release|ARM.Build.0 = Release|Any CPU
		{7E6C8046-33DC-45F7-8373-37E9FA0F7299}.Release|iPhone.ActiveCfg = Release|Any CPU
		{7E6C8046-33DC-45F7-8373-37E9FA0F7299}.Release|iPhone.Build.0 = Release|Any CPU
		{7E6C8046-33DC-45F7-8373-37E9FA0F7299}.Release|iPhoneSimulator.ActiveCfg = Release|Any CPU
		{7E6C8046-33DC-45F7-8373-37E9FA0F7299}.Release|iPhoneSimulator.Build.0 = Release|Any CPU
		{7E6C8046-33DC-45F7-8373-37E9FA0F7299}.Release|x64.ActiveCfg = Release|Any CPU
		{7E6C8046-33DC-45F7-8373-37E9FA0F7299}.Release|x64.Build.0 = Release|Any CPU
		{7E6C8046-33DC-45F7-8373-37E9FA0F7299}.Release|x86.ActiveCfg = Release|Any CPU
		{7E6C8046-33DC-45F7-8373-37E9FA0F7299}.Release|x86.Build.0 = Release|Any CPU
	EndGlobalSection
	GlobalSection(SolutionProperties) = preSolution
		HideSolutionNode = FALSE
	EndGlobalSection
EndGlobal
